
Microsoft Visual Studio Solution File, Format Version 12.00
# Visual Studio Version 16
VisualStudioVersion = 16.0.810.17
MinimumVisualStudioVersion = 10.0.40219.1
Project("{FAE04EC0-301F-11D3-BF4B-00C04F79EFBC}") = "joskiy", "joskiy\joskiy.csproj", "{9DF47A70-97B1-402A-9D39-97766562D2BD}"
EndProject
Global
	GlobalSection(SolutionConfigurationPlatforms) = preSolution
		Debug|anycpu = Debug|anycpu
		Release|anycpu = Release|anycpu
	EndGlobalSection
	GlobalSection(ProjectConfigurationPlatforms) = postSolution
		{9DF47A70-97B1-402A-9D39-97766562D2BD}.Debug|anycpu.ActiveCfg = Debug|anycpu
		{9DF47A70-97B1-402A-9D39-97766562D2BD}.Debug|anycpu.Build.0 = Debug|anycpu
		{9DF47A70-97B1-402A-9D39-97766562D2BD}.Release|anycpu.ActiveCfg = Release|anycpu
		{9DF47A70-97B1-402A-9D39-97766562D2BD}.Release|anycpu.Build.0 = Release|anycpu
	EndGlobalSection
	GlobalSection(SolutionProperties) = preSolution
		HideSolutionNode = FALSE
	EndGlobalSection
	GlobalSection(ExtensibilityGlobals) = postSolution
		SolutionGuid = {8D069634-508A-483D-BF5A-650E53A62352}
	EndGlobalSection
EndGlobal
